
Microsoft Visual Studio Solution File, Format Version 12.00
# Visual Studio 2012
Project("{8BC9CEB8-8B4A-11D0-8D11-00A0C91BC942}") = "Profiler1", "Profiler1\Profiler1.vcxproj", "{3BF9F3B4-E3DB-4678-94B3-721DF554961B}"
EndProject
Project("{FAE04EC0-301F-11D3-BF4B-00C04F79EFBC}") = "Profiler1LauncherNet", "Profiler1LauncherNet\Profiler1LauncherNet.csproj", "{FBA11CEA-5439-405B-AEBF-782B03FB4B53}"
EndProject
Project("{FAE04EC0-301F-11D3-BF4B-00C04F79EFBC}") = "SampleToProfile_CLR4_x86", "SampleToProfile_CLR4_x86\SampleToProfile_CLR4_x86.csproj", "{4FF99F85-551C-4309-AD3E-48D45BA25AC4}"
EndProject
Project("{FAE04EC0-301F-11D3-BF4B-00C04F79EFBC}") = "SampleToAnalyzeEF_Linq2Sql_AdoNetCalls", "SampleToAnalyzeEF_Linq2Sql_AdoNetCalls\SampleToAnalyzeEF_Linq2Sql_AdoNetCalls.csproj", "{31939535-ECB9-405A-9198-BCCD0DE90B90}"
EndProject
Global
	GlobalSection(SolutionConfigurationPlatforms) = preSolution
		Debug|Any CPU = Debug|Any CPU
		Debug|Mixed Platforms = Debug|Mixed Platforms
		Debug|Win32 = Debug|Win32
		Release|Any CPU = Release|Any CPU
		Release|Mixed Platforms = Release|Mixed Platforms
		Release|Win32 = Release|Win32
	EndGlobalSection
	GlobalSection(ProjectConfigurationPlatforms) = postSolution
		{3BF9F3B4-E3DB-4678-94B3-721DF554961B}.Debug|Any CPU.ActiveCfg = Debug|Win32
		{3BF9F3B4-E3DB-4678-94B3-721DF554961B}.Debug|Mixed Platforms.ActiveCfg = Debug|Win32
		{3BF9F3B4-E3DB-4678-94B3-721DF554961B}.Debug|Mixed Platforms.Build.0 = Debug|Win32
		{3BF9F3B4-E3DB-4678-94B3-721DF554961B}.Debug|Win32.ActiveCfg = Debug|Win32
		{3BF9F3B4-E3DB-4678-94B3-721DF554961B}.Debug|Win32.Build.0 = Debug|Win32
		{3BF9F3B4-E3DB-4678-94B3-721DF554961B}.Release|Any CPU.ActiveCfg = Release|Win32
		{3BF9F3B4-E3DB-4678-94B3-721DF554961B}.Release|Mixed Platforms.ActiveCfg = Release|Win32
		{3BF9F3B4-E3DB-4678-94B3-721DF554961B}.Release|Mixed Platforms.Build.0 = Release|Win32
		{3BF9F3B4-E3DB-4678-94B3-721DF554961B}.Release|Win32.ActiveCfg = Release|Win32
		{3BF9F3B4-E3DB-4678-94B3-721DF554961B}.Release|Win32.Build.0 = Release|Win32
		{FBA11CEA-5439-405B-AEBF-782B03FB4B53}.Debug|Any CPU.ActiveCfg = Debug|Any CPU
		{FBA11CEA-5439-405B-AEBF-782B03FB4B53}.Debug|Any CPU.Build.0 = Debug|Any CPU
		{FBA11CEA-5439-405B-AEBF-782B03FB4B53}.Debug|Mixed Platforms.ActiveCfg = Debug|Any CPU
		{FBA11CEA-5439-405B-AEBF-782B03FB4B53}.Debug|Mixed Platforms.Build.0 = Debug|Any CPU
		{FBA11CEA-5439-405B-AEBF-782B03FB4B53}.Debug|Win32.ActiveCfg = Debug|Any CPU
		{FBA11CEA-5439-405B-AEBF-782B03FB4B53}.Release|Any CPU.ActiveCfg = Release|Any CPU
		{FBA11CEA-5439-405B-AEBF-782B03FB4B53}.Release|Any CPU.Build.0 = Release|Any CPU
		{FBA11CEA-5439-405B-AEBF-782B03FB4B53}.Release|Mixed Platforms.ActiveCfg = Release|Any CPU
		{FBA11CEA-5439-405B-AEBF-782B03FB4B53}.Release|Mixed Platforms.Build.0 = Release|Any CPU
		{FBA11CEA-5439-405B-AEBF-782B03FB4B53}.Release|Win32.ActiveCfg = Release|Any CPU
		{4FF99F85-551C-4309-AD3E-48D45BA25AC4}.Debug|Any CPU.ActiveCfg = Debug|Any CPU
		{4FF99F85-551C-4309-AD3E-48D45BA25AC4}.Debug|Any CPU.Build.0 = Debug|Any CPU
		{4FF99F85-551C-4309-AD3E-48D45BA25AC4}.Debug|Mixed Platforms.ActiveCfg = Debug|Any CPU
		{4FF99F85-551C-4309-AD3E-48D45BA25AC4}.Debug|Mixed Platforms.Build.0 = Debug|Any CPU
		{4FF99F85-551C-4309-AD3E-48D45BA25AC4}.Debug|Win32.ActiveCfg = Debug|Any CPU
		{4FF99F85-551C-4309-AD3E-48D45BA25AC4}.Release|Any CPU.ActiveCfg = Release|Any CPU
		{4FF99F85-551C-4309-AD3E-48D45BA25AC4}.Release|Any CPU.Build.0 = Release|Any CPU
		{4FF99F85-551C-4309-AD3E-48D45BA25AC4}.Release|Mixed Platforms.ActiveCfg = Release|Any CPU
		{4FF99F85-551C-4309-AD3E-48D45BA25AC4}.Release|Mixed Platforms.Build.0 = Release|Any CPU
		{4FF99F85-551C-4309-AD3E-48D45BA25AC4}.Release|Win32.ActiveCfg = Release|Any CPU
		{31939535-ECB9-405A-9198-BCCD0DE90B90}.Debug|Any CPU.ActiveCfg = Debug|Any CPU
		{31939535-ECB9-405A-9198-BCCD0DE90B90}.Debug|Any CPU.Build.0 = Debug|Any CPU
		{31939535-ECB9-405A-9198-BCCD0DE90B90}.Debug|Mixed Platforms.ActiveCfg = Debug|Any CPU
		{31939535-ECB9-405A-9198-BCCD0DE90B90}.Debug|Mixed Platforms.Build.0 = Debug|Any CPU
		{31939535-ECB9-405A-9198-BCCD0DE90B90}.Debug|Win32.ActiveCfg = Debug|Any CPU
		{31939535-ECB9-405A-9198-BCCD0DE90B90}.Release|Any CPU.ActiveCfg = Release|Any CPU
		{31939535-ECB9-405A-9198-BCCD0DE90B90}.Release|Any CPU.Build.0 = Release|Any CPU
		{31939535-ECB9-405A-9198-BCCD0DE90B90}.Release|Mixed Platforms.ActiveCfg = Release|Any CPU
		{31939535-ECB9-405A-9198-BCCD0DE90B90}.Release|Mixed Platforms.Build.0 = Release|Any CPU
		{31939535-ECB9-405A-9198-BCCD0DE90B90}.Release|Win32.ActiveCfg = Release|Any CPU
	EndGlobalSection
	GlobalSection(SolutionProperties) = preSolution
		HideSolutionNode = FALSE
	EndGlobalSection
EndGlobal
